
Microsoft Visual Studio Solution File, Format Version 12.00
# Visual Studio Version 16
VisualStudioVersion = 16.0.31624.102
MinimumVisualStudioVersion = 10.0.40219.1
Project("{9A19103F-16F7-4668-BE54-9A1E7A4F7556}") = "DSU21", "DSU21\DSU21.csproj", "{86868B5A-39A9-4122-A9CF-1120B467C2E2}"
EndProject
Project("{FAE04EC0-301F-11D3-BF4B-00C04F79EFBC}") = "DSU21.Tests", "DSU21.Tests\DSU21.Tests.csproj", "{ADEC4C79-51E0-42BF-8247-800F11F94712}"
EndProject
Global
	GlobalSection(SolutionConfigurationPlatforms) = preSolution
		Debug|Any CPU = Debug|Any CPU
		Release|Any CPU = Release|Any CPU
	EndGlobalSection
	GlobalSection(ProjectConfigurationPlatforms) = postSolution
		{86868B5A-39A9-4122-A9CF-1120B467C2E2}.Debug|Any CPU.ActiveCfg = Debug|Any CPU
		{86868B5A-39A9-4122-A9CF-1120B467C2E2}.Debug|Any CPU.Build.0 = Debug|Any CPU
		{86868B5A-39A9-4122-A9CF-1120B467C2E2}.Release|Any CPU.ActiveCfg = Release|Any CPU
		{86868B5A-39A9-4122-A9CF-1120B467C2E2}.Release|Any CPU.Build.0 = Release|Any CPU
		{ADEC4C79-51E0-42BF-8247-800F11F94712}.Debug|Any CPU.ActiveCfg = Debug|Any CPU
		{ADEC4C79-51E0-42BF-8247-800F11F94712}.Debug|Any CPU.Build.0 = Debug|Any CPU
		{ADEC4C79-51E0-42BF-8247-800F11F94712}.Release|Any CPU.ActiveCfg = Release|Any CPU
		{ADEC4C79-51E0-42BF-8247-800F11F94712}.Release|Any CPU.Build.0 = Release|Any CPU
	EndGlobalSection
	GlobalSection(SolutionProperties) = preSolution
		HideSolutionNode = FALSE
	EndGlobalSection
	GlobalSection(ExtensibilityGlobals) = postSolution
		SolutionGuid = {640C6B40-558B-4299-BB89-23E9D535B652}
	EndGlobalSection
EndGlobal
